
Microsoft Visual Studio Solution File, Format Version 12.00
# Visual Studio Version 17
VisualStudioVersion = 17.2.32516.85
MinimumVisualStudioVersion = 10.0.40219.1
Project("{9A19103F-16F7-4668-BE54-9A1E7A4F7556}") = "IIS_0102_XSD_RNG", "IIS_01_XSD\IIS_0102_XSD_RNG.csproj", "{276C5D0A-1473-4E2D-977B-02D25EB6449D}"
EndProject
Project("{9A19103F-16F7-4668-BE54-9A1E7A4F7556}") = "IIS_07_UI", "IIS_07_UI\IIS_07_UI.csproj", "{1AF59013-BFDC-4842-8FF2-AB7B7FAF1CF3}"
EndProject
Project("{FAE04EC0-301F-11D3-BF4B-00C04F79EFBC}") = "IIS_03_SOAP", "IIS_03_SOAP\IIS_03_SOAP.csproj", "{5058589B-C724-481D-9137-1C7A024C2CE0}"
EndProject
Global
	GlobalSection(SolutionConfigurationPlatforms) = preSolution
		Debug|Any CPU = Debug|Any CPU
		Release|Any CPU = Release|Any CPU
	EndGlobalSection
	GlobalSection(ProjectConfigurationPlatforms) = postSolution
		{276C5D0A-1473-4E2D-977B-02D25EB6449D}.Debug|Any CPU.ActiveCfg = Debug|Any CPU
		{276C5D0A-1473-4E2D-977B-02D25EB6449D}.Debug|Any CPU.Build.0 = Debug|Any CPU
		{276C5D0A-1473-4E2D-977B-02D25EB6449D}.Release|Any CPU.ActiveCfg = Release|Any CPU
		{276C5D0A-1473-4E2D-977B-02D25EB6449D}.Release|Any CPU.Build.0 = Release|Any CPU
		{1AF59013-BFDC-4842-8FF2-AB7B7FAF1CF3}.Debug|Any CPU.ActiveCfg = Debug|Any CPU
		{1AF59013-BFDC-4842-8FF2-AB7B7FAF1CF3}.Debug|Any CPU.Build.0 = Debug|Any CPU
		{1AF59013-BFDC-4842-8FF2-AB7B7FAF1CF3}.Release|Any CPU.ActiveCfg = Release|Any CPU
		{1AF59013-BFDC-4842-8FF2-AB7B7FAF1CF3}.Release|Any CPU.Build.0 = Release|Any CPU
		{5058589B-C724-481D-9137-1C7A024C2CE0}.Debug|Any CPU.ActiveCfg = Debug|Any CPU
		{5058589B-C724-481D-9137-1C7A024C2CE0}.Debug|Any CPU.Build.0 = Debug|Any CPU
		{5058589B-C724-481D-9137-1C7A024C2CE0}.Release|Any CPU.ActiveCfg = Release|Any CPU
		{5058589B-C724-481D-9137-1C7A024C2CE0}.Release|Any CPU.Build.0 = Release|Any CPU
	EndGlobalSection
	GlobalSection(SolutionProperties) = preSolution
		HideSolutionNode = FALSE
	EndGlobalSection
	GlobalSection(ExtensibilityGlobals) = postSolution
		SolutionGuid = {9B401050-0A03-46D3-AE08-6F1665098F04}
	EndGlobalSection
EndGlobal
